
Microsoft Visual Studio Solution File, Format Version 12.00
# Visual Studio Version 16
VisualStudioVersion = 16.0.30523.141
MinimumVisualStudioVersion = 10.0.40219.1
Project("{9A19103F-16F7-4668-BE54-9A1E7A4F7556}") = "ConsoleSnake", "ConsoleSnake\ConsoleSnake.csproj", "{178DF843-4C53-49E6-A2EE-98B2F565228A}"
EndProject
Global
	GlobalSection(SolutionConfigurationPlatforms) = preSolution
		Debug|Any CPU = Debug|Any CPU
		Release|Any CPU = Release|Any CPU
	EndGlobalSection
	GlobalSection(ProjectConfigurationPlatforms) = postSolution
		{178DF843-4C53-49E6-A2EE-98B2F565228A}.Debug|Any CPU.ActiveCfg = Debug|Any CPU
		{178DF843-4C53-49E6-A2EE-98B2F565228A}.Debug|Any CPU.Build.0 = Debug|Any CPU
		{178DF843-4C53-49E6-A2EE-98B2F565228A}.Release|Any CPU.ActiveCfg = Release|Any CPU
		{178DF843-4C53-49E6-A2EE-98B2F565228A}.Release|Any CPU.Build.0 = Release|Any CPU
	EndGlobalSection
	GlobalSection(SolutionProperties) = preSolution
		HideSolutionNode = FALSE
	EndGlobalSection
	GlobalSection(ExtensibilityGlobals) = postSolution
		SolutionGuid = {21543AE4-3DDE-4ACC-B947-FD8CF2A78AAE}
	EndGlobalSection
EndGlobal
